<?xml version="1.0" encoding="utf-8"?>
<Project ToolsVersion="4.0" xmlns="http://schemas.microsoft.com/developer/msbuild/2003">
  <ItemGroup>
    <Filter Include="소스 파일">
      <UniqueIdentifier>{4FC737F1-C7A5-4376-A066-2A32D752A2FF}</UniqueIdentifier>
      <Extensions>cpp;c;cc;cxx;c++;cppm;ixx;def;odl;idl;hpj;bat;asm;asmx</Extensions>
    </Filter>
    <Filter Include="헤더 파일">
      <UniqueIdentifier>{93995380-89BD-4b04-88EB-625FBE52EBFB}</UniqueIdentifier>
      <Extensions>h;hh;hpp;hxx;h++;hm;inl;inc;ipp;xsd</Extensions>
    </Filter>
    <Filter Include="리소스 파일">
      <UniqueIdentifier>{67DA6AB6-F800-4c08-8B7A-83BB121AAD01}</UniqueIdentifier>
      <Extensions>rc;ico;cur;bmp;dlg;rc2;rct;bin;rgs;gif;jpg;jpeg;jpe;resx;tiff;tif;png;wav;mfcribbon-ms</Extensions>
    </Filter>
    <Filter Include="소스 파일\View">
      <UniqueIdentifier>{a78bdc30-0e04-4f78-ac47-0117160ccf3c}</UniqueIdentifier>
    </Filter>
    <Filter Include="소스 파일\Controller">
      <UniqueIdentifier>{62029168-7604-4dfc-83ca-fa2529c177a4}</UniqueIdentifier>
    </Filter>
    <Filter Include="소스 파일\Model">
      <UniqueIdentifier>{74e97626-b060-46fb-b3ae-9dbd6071e7d3}</UniqueIdentifier>
    </Filter>
    <Filter Include="소스 파일\Database">
      <UniqueIdentifier>{0c703775-fa23-4b72-9d6d-84053d698667}</UniqueIdentifier>
    </Filter>
    <Filter Include="소스 파일\Dto">
      <UniqueIdentifier>{5e2239a5-057b-4198-a75b-d567f6175d32}</UniqueIdentifier>
    </Filter>
  </ItemGroup>
  <ItemGroup>
    <ClInclude Include="HospitalSystemDlg.h">
      <Filter>헤더 파일</Filter>
    </ClInclude>
    <ClInclude Include="framework.h">
      <Filter>헤더 파일</Filter>
    </ClInclude>
    <ClInclude Include="targetver.h">
      <Filter>헤더 파일</Filter>
    </ClInclude>
    <ClInclude Include="Resource.h">
      <Filter>헤더 파일</Filter>
    </ClInclude>
    <ClInclude Include="pch.h">
      <Filter>헤더 파일</Filter>
    </ClInclude>
    <ClInclude Include="DatabaseManager.h">
      <Filter>소스 파일\Database</Filter>
    </ClInclude>
    <ClInclude Include="Doctor.h">
      <Filter>소스 파일\Model</Filter>
    </ClInclude>
    <ClInclude Include="LoginController.h">
      <Filter>소스 파일\Controller</Filter>
    </ClInclude>
    <ClInclude Include="SignUpController.h">
      <Filter>소스 파일\Controller</Filter>
    </ClInclude>
    <ClInclude Include="HospitalSystem.h">
      <Filter>헤더 파일</Filter>
    </ClInclude>
    <ClInclude Include="SignUP.h">
      <Filter>소스 파일\View</Filter>
    </ClInclude>
    <ClInclude Include="Appointment.h">
      <Filter>소스 파일\Model</Filter>
    </ClInclude>
    <ClInclude Include="AppointmentDB.h">
      <Filter>소스 파일\Database</Filter>
    </ClInclude>
    <ClInclude Include="AppointmentController.h">
      <Filter>소스 파일\Controller</Filter>
    </ClInclude>
    <ClInclude Include="AppointmentDto.h">
      <Filter>소스 파일\Dto</Filter>
    </ClInclude>
    <ClInclude Include="HosipitalOffice.h">
      <Filter>소스 파일\View</Filter>
    </ClInclude>
    <ClInclude Include="AddAppointment.h">
      <Filter>소스 파일\View</Filter>
    </ClInclude>
    <ClInclude Include="Patient.h">
      <Filter>소스 파일\Model</Filter>
    </ClInclude>
    <ClInclude Include="PatientController.h">
      <Filter>소스 파일\Controller</Filter>
    </ClInclude>
    <ClInclude Include="PatientDb.h">
      <Filter>소스 파일\Database</Filter>
    </ClInclude>
    <ClInclude Include="Addpatients.h">
      <Filter>소스 파일\View</Filter>
    </ClInclude>
    <ClInclude Include="ChartRecords.h">
      <Filter>소스 파일\Model</Filter>
    </ClInclude>
    <ClInclude Include="DBconnect.h">
      <Filter>소스 파일\Database</Filter>
    </ClInclude>
    <ClInclude Include="PatientDto.h">
      <Filter>소스 파일\Dto</Filter>
    </ClInclude>
    <ClInclude Include="AlreadyPatient.h">
      <Filter>소스 파일\View</Filter>
    </ClInclude>
    <ClInclude Include="DoctorPage1.h">
      <Filter>소스 파일\View</Filter>
    </ClInclude>
    <ClInclude Include="Dcode.h">
      <Filter>소스 파일\Model</Filter>
    </ClInclude>
    <ClInclude Include="DcodeDB.h">
      <Filter>소스 파일\Database</Filter>
    </ClInclude>
    <ClInclude Include="DcodeController.h">
      <Filter>소스 파일\Controller</Filter>
    </ClInclude>
    <ClInclude Include="Mcode.h">
      <Filter>소스 파일\Model</Filter>
    </ClInclude>
    <ClInclude Include="McodeDB.h">
      <Filter>소스 파일\Database</Filter>
    </ClInclude>
    <ClInclude Include="McodeController.h">
      <Filter>소스 파일\Controller</Filter>
    </ClInclude>
    <ClInclude Include="ChartHistoryDB.h">
      <Filter>소스 파일\Database</Filter>
    </ClInclude>
    <ClInclude Include="ChatHistoryDto.h">
      <Filter>소스 파일\Dto</Filter>
    </ClInclude>
    <ClInclude Include="Vaccinnations.h">
      <Filter>소스 파일\Model</Filter>
    </ClInclude>
    <ClInclude Include="VaccinnationsDto.h">
      <Filter>소스 파일\Dto</Filter>
    </ClInclude>
    <ClInclude Include="VaccinnationsDB.h">
      <Filter>소스 파일\Database</Filter>
    </ClInclude>
    <ClInclude Include="Decision.h">
      <Filter>소스 파일\Model</Filter>
    </ClInclude>
    <ClInclude Include="ChartHistoryController.h">
      <Filter>소스 파일\Controller</Filter>
    </ClInclude>
    <ClInclude Include="Prescriptions.h">
      <Filter>소스 파일\Model</Filter>
    </ClInclude>
    <ClInclude Include="PrescriptionsDB.h">
      <Filter>소스 파일\Database</Filter>
    </ClInclude>
    <ClInclude Include="PrescriptionsController.h">
      <Filter>소스 파일\Controller</Filter>
    </ClInclude>
  </ItemGroup>
  <ItemGroup>
    <ClCompile Include="HospitalSystem.cpp">
      <Filter>소스 파일\View</Filter>
    </ClCompile>
    <ClCompile Include="HospitalSystemDlg.cpp">
      <Filter>소스 파일\View</Filter>
    </ClCompile>
    <ClCompile Include="pch.cpp">
      <Filter>소스 파일\View</Filter>
    </ClCompile>
    <ClCompile Include="DatabaseManager.cpp">
      <Filter>소스 파일\Database</Filter>
    </ClCompile>
    <ClCompile Include="Doctor.cpp">
      <Filter>소스 파일\Model</Filter>
    </ClCompile>
    <ClCompile Include="LoginController.cpp">
      <Filter>소스 파일\Controller</Filter>
    </ClCompile>
    <ClCompile Include="SignUpController.cpp">
      <Filter>소스 파일\Controller</Filter>
    </ClCompile>
    <ClCompile Include="SignUP.cpp">
      <Filter>소스 파일\View</Filter>
    </ClCompile>
    <ClCompile Include="Appointment.cpp">
      <Filter>소스 파일\Model</Filter>
    </ClCompile>
    <ClCompile Include="AppointmentDB.cpp">
      <Filter>소스 파일\Database</Filter>
    </ClCompile>
    <ClCompile Include="AppointmentController.cpp">
      <Filter>소스 파일\Controller</Filter>
    </ClCompile>
    <ClCompile Include="AppointmentDto.cpp">
      <Filter>소스 파일\Dto</Filter>
    </ClCompile>
    <ClCompile Include="HosipitalOffice.cpp">
      <Filter>소스 파일\View</Filter>
    </ClCompile>
    <ClCompile Include="AddAppointment.cpp">
      <Filter>소스 파일\View</Filter>
    </ClCompile>
    <ClCompile Include="Patient.cpp">
      <Filter>소스 파일\Model</Filter>
    </ClCompile>
    <ClCompile Include="PatientController.cpp">
      <Filter>소스 파일\Controller</Filter>
    </ClCompile>
    <ClCompile Include="PatientDb.cpp">
      <Filter>소스 파일\Database</Filter>
    </ClCompile>
    <ClCompile Include="Addpatients.cpp">
      <Filter>소스 파일\View</Filter>
    </ClCompile>
    <ClCompile Include="ChartRecords.cpp">
      <Filter>소스 파일\Model</Filter>
    </ClCompile>
    <ClCompile Include="DBconnect.cpp">
      <Filter>소스 파일\Database</Filter>
    </ClCompile>
    <ClCompile Include="PatientDto.cpp">
      <Filter>소스 파일\Dto</Filter>
    </ClCompile>
    <ClCompile Include="AlreadyPatient.cpp">
      <Filter>소스 파일\View</Filter>
    </ClCompile>
    <ClCompile Include="DoctorPage1.cpp">
      <Filter>소스 파일\View</Filter>
    </ClCompile>
    <ClCompile Include="Dcode.cpp">
      <Filter>소스 파일\Model</Filter>
    </ClCompile>
    <ClCompile Include="DcodeController.cpp">
      <Filter>소스 파일\Controller</Filter>
    </ClCompile>
    <ClCompile Include="Mcode.cpp">
      <Filter>소스 파일\Model</Filter>
    </ClCompile>
    <ClCompile Include="McodeController.cpp">
      <Filter>소스 파일\Controller</Filter>
    </ClCompile>
    <ClCompile Include="McodeDB.cpp">
      <Filter>소스 파일\Database</Filter>
    </ClCompile>
    <ClCompile Include="ChartHistoryDB.cpp">
      <Filter>소스 파일\Database</Filter>
    </ClCompile>
    <ClCompile Include="DcodeDB.cpp">
      <Filter>소스 파일\Dto</Filter>
    </ClCompile>
    <ClCompile Include="ChatHistoryDto.cpp">
      <Filter>소스 파일\Dto</Filter>
    </ClCompile>
    <ClCompile Include="Vaccinnations.cpp">
      <Filter>소스 파일\Model</Filter>
    </ClCompile>
    <ClCompile Include="VaccinnationsDB.cpp">
      <Filter>소스 파일\Database</Filter>
    </ClCompile>
    <ClCompile Include="VaccinnationsDto.cpp">
      <Filter>소스 파일\Dto</Filter>
    </ClCompile>
    <ClCompile Include="Decision.cpp">
      <Filter>소스 파일\Model</Filter>
    </ClCompile>
    <ClCompile Include="ChartHistoryController.cpp">
      <Filter>소스 파일\Controller</Filter>
    </ClCompile>
    <ClCompile Include="Prescriptions.cpp">
      <Filter>소스 파일\Model</Filter>
    </ClCompile>
    <ClCompile Include="PrescriptionsDB.cpp">
      <Filter>소스 파일\Database</Filter>
    </ClCompile>
    <ClCompile Include="PrescriptionsController.cpp">
      <Filter>소스 파일\Controller</Filter>
    </ClCompile>
  </ItemGroup>
  <ItemGroup>
    <ResourceCompile Include="HospitalSystem.rc">
      <Filter>리소스 파일</Filter>
    </ResourceCompile>
  </ItemGroup>
  <ItemGroup>
    <None Include="res\HospitalSystem.rc2">
      <Filter>리소스 파일</Filter>
    </None>
    <None Include="config.json">
      <Filter>리소스 파일</Filter>
    </None>
    <None Include="packages.config" />
  </ItemGroup>
  <ItemGroup>
    <Image Include="res\HospitalSystem.ico">
      <Filter>리소스 파일</Filter>
    </Image>
  </ItemGroup>
</Project>